<?xml version="1.0" encoding="UTF-8"?>
<Scheme
   version = "1.3">
   <BuildAction>
      <BuildActionEntries>
         <BuildActionEntry
            buildForRunning = "YES">
            <BuildableReference
               BuildableIdentifier = "primary"
               BlueprintIdentifier = "82E11F2B1F95284F003C3520"
               BuildableName = "Fake Tencent iOS.app"
               BlueprintName = "Fake Tencent iOS"
               ReferencedContainer = "container:Fake Tencent iOS.xcodeproj">
            </BuildableReference>
         </BuildActionEntry>
      </BuildActionEntries>
   </BuildAction>
   <LaunchAction
      useCustomWorkingDirectory = "NO"
      buildConfiguration = "Debug">
      <BuildableProductRunnable>
         <BuildableReference
            BuildableIdentifier = "primary"
            BlueprintIdentifier = "82E11F2B1F95284F003C3520"
            BuildableName = "Fake Tencent iOS.app"
            BlueprintName = "Fake Tencent iOS"
            ReferencedContainer = "container:Fake Tencent iOS.xcodeproj">
         </BuildableReference>
      </BuildableProductRunnable>
   </LaunchAction>
</Scheme>
