<?xml version="1.0" encoding="UTF-8"?>
<Scheme
   version = "1.3">
   <BuildAction>
      <BuildActionEntries>
         <BuildActionEntry
            buildForRunning = "YES">
            <BuildableReference
               BuildableIdentifier = "primary"
               BlueprintIdentifier = "8242A45C1F8B4DBA006A037B"
               BuildableName = "Fake Tencent Server"
               BlueprintName = "Fake Tencent Server"
               ReferencedContainer = "container:Fake Tencent Server.xcodeproj">
            </BuildableReference>
         </BuildActionEntry>
      </BuildActionEntries>
   </BuildAction>
   <LaunchAction
      useCustomWorkingDirectory = "NO"
      buildConfiguration = "Debug">
      <BuildableProductRunnable>
         <BuildableReference
            BuildableIdentifier = "primary"
            BlueprintIdentifier = "8242A45C1F8B4DBA006A037B"
            BuildableName = "Fake Tencent Server"
            BlueprintName = "Fake Tencent Server"
            ReferencedContainer = "container:Fake Tencent Server.xcodeproj">
         </BuildableReference>
      </BuildableProductRunnable>
   </LaunchAction>
</Scheme>
